// !$*UTF8*$!
{
	archiveVersion = 1;
	classes = {
	};
	objectVersion = 46;
	objects = {

/* Begin PBXBuildFile section */
		C68D31D81DDEAC35007AAEF7 /* SelfieCell.swift in Sources */ = {isa = PBXBuildFile; fileRef = C68D31D71DDEAC35007AAEF7 /* SelfieCell.swift */; };
		C6A7192E1DCC2B81005E950F /* AppDelegate.swift in Sources */ = {isa = PBXBuildFile; fileRef = C6A7192D1DCC2B81005E950F /* AppDelegate.swift */; };
		C6A719331DCC2B81005E950F /* Main.storyboard in Resources */ = {isa = PBXBuildFile; fileRef = C6A719311DCC2B81005E950F /* Main.storyboard */; };
		C6A719351DCC2B81005E950F /* Assets.xcassets in Resources */ = {isa = PBXBuildFile; fileRef = C6A719341DCC2B81005E950F /* Assets.xcassets */; };
		C6A719381DCC2B81005E950F /* LaunchScreen.storyboard in Resources */ = {isa = PBXBuildFile; fileRef = C6A719361DCC2B81005E950F /* LaunchScreen.storyboard */; };
		C6A719431DCC2B81005E950F /* selfigramTests.swift in Sources */ = {isa = PBXBuildFile; fileRef = C6A719421DCC2B81005E950F /* selfigramTests.swift */; };
		C6A7194E1DCC2B81005E950F /* selfigramUITests.swift in Sources */ = {isa = PBXBuildFile; fileRef = C6A7194D1DCC2B81005E950F /* selfigramUITests.swift */; };
		C6A719961DD2E2F9005E950F /* ProfileViewController.swift in Sources */ = {isa = PBXBuildFile; fileRef = C6A719951DD2E2F9005E950F /* ProfileViewController.swift */; };
		C6A719981DDC0708005E950F /* ViewController.swift in Sources */ = {isa = PBXBuildFile; fileRef = C6A719971DDC0708005E950F /* ViewController.swift */; };
		C6A7199E1DDC091C005E950F /* FeedViewController.swift in Sources */ = {isa = PBXBuildFile; fileRef = C6A7199D1DDC091C005E950F /* FeedViewController.swift */; };
		C6A719A01DDC0FC2005E950F /* user.swift in Sources */ = {isa = PBXBuildFile; fileRef = C6A7199F1DDC0FC2005E950F /* user.swift */; };
		C6A719A21DDC105F005E950F /* Post.swift in Sources */ = {isa = PBXBuildFile; fileRef = C6A719A11DDC105F005E950F /* Post.swift */; };
/* End PBXBuildFile section */

/* Begin PBXContainerItemProxy section */
		C6A7193F1DCC2B81005E950F /* PBXContainerItemProxy */ = {
			isa = PBXContainerItemProxy;
			containerPortal = C6A719221DCC2B81005E950F /* Project object */;
			proxyType = 1;
			remoteGlobalIDString = C6A719291DCC2B81005E950F;
			remoteInfo = selfigram;
		};
		C6A7194A1DCC2B81005E950F /* PBXContainerItemProxy */ = {
			isa = PBXContainerItemProxy;
			containerPortal = C6A719221DCC2B81005E950F /* Project object */;
			proxyType = 1;
			remoteGlobalIDString = C6A719291DCC2B81005E950F;
			remoteInfo = selfigram;
		};
/* End PBXContainerItemProxy section */

/* Begin PBXFileReference section */
		C68D31D71DDEAC35007AAEF7 /* SelfieCell.swift */ = {isa = PBXFileReference; fileEncoding = 4; lastKnownFileType = sourcecode.swift; path = SelfieCell.swift; sourceTree = "<group>"; };
		C6A7192A1DCC2B81005E950F /* selfigram.app */ = {isa = PBXFileReference; explicitFileType = wrapper.application; includeInIndex = 0; path = selfigram.app; sourceTree = BUILT_PRODUCTS_DIR; };
		C6A7192D1DCC2B81005E950F /* AppDelegate.swift */ = {isa = PBXFileReference; lastKnownFileType = sourcecode.swift; path = AppDelegate.swift; sourceTree = "<group>"; };
		C6A719321DCC2B81005E950F /* Base */ = {isa = PBXFileReference; lastKnownFileType = file.storyboard; name = Base; path = Base.lproj/Main.storyboard; sourceTree = "<group>"; };
		C6A719341DCC2B81005E950F /* Assets.xcassets */ = {isa = PBXFileReference; lastKnownFileType = folder.assetcatalog; path = Assets.xcassets; sourceTree = "<group>"; };
		C6A719371DCC2B81005E950F /* Base */ = {isa = PBXFileReference; lastKnownFileType = file.storyboard; name = Base; path = Base.lproj/LaunchScreen.storyboard; sourceTree = "<group>"; };
		C6A719391DCC2B81005E950F /* Info.plist */ = {isa = PBXFileReference; lastKnownFileType = text.plist.xml; path = Info.plist; sourceTree = "<group>"; };
		C6A7193E1DCC2B81005E950F /* selfigramTests.xctest */ = {isa = PBXFileReference; explicitFileType = wrapper.cfbundle; includeInIndex = 0; path = selfigramTests.xctest; sourceTree = BUILT_PRODUCTS_DIR; };
		C6A719421DCC2B81005E950F /* selfigramTests.swift */ = {isa = PBXFileReference; lastKnownFileType = sourcecode.swift; path = selfigramTests.swift; sourceTree = "<group>"; };
		C6A719441DCC2B81005E950F /* Info.plist */ = {isa = PBXFileReference; lastKnownFileType = text.plist.xml; path = Info.plist; sourceTree = "<group>"; };
		C6A719491DCC2B81005E950F /* selfigramUITests.xctest */ = {isa = PBXFileReference; explicitFileType = wrapper.cfbundle; includeInIndex = 0; path = selfigramUITests.xctest; sourceTree = BUILT_PRODUCTS_DIR; };
		C6A7194D1DCC2B81005E950F /* selfigramUITests.swift */ = {isa = PBXFileReference; lastKnownFileType = sourcecode.swift; path = selfigramUITests.swift; sourceTree = "<group>"; };
		C6A7194F1DCC2B81005E950F /* Info.plist */ = {isa = PBXFileReference; lastKnownFileType = text.plist.xml; path = Info.plist; sourceTree = "<group>"; };
		C6A719951DD2E2F9005E950F /* ProfileViewController.swift */ = {isa = PBXFileReference; fileEncoding = 4; lastKnownFileType = sourcecode.swift; path = ProfileViewController.swift; sourceTree = "<group>"; };
		C6A719971DDC0708005E950F /* ViewController.swift */ = {isa = PBXFileReference; fileEncoding = 4; lastKnownFileType = sourcecode.swift; path = ViewController.swift; sourceTree = "<group>"; };
		C6A7199D1DDC091C005E950F /* FeedViewController.swift */ = {isa = PBXFileReference; fileEncoding = 4; lastKnownFileType = sourcecode.swift; path = FeedViewController.swift; sourceTree = "<group>"; };
		C6A7199F1DDC0FC2005E950F /* user.swift */ = {isa = PBXFileReference; fileEncoding = 4; lastKnownFileType = sourcecode.swift; path = user.swift; sourceTree = "<group>"; };
		C6A719A11DDC105F005E950F /* Post.swift */ = {isa = PBXFileReference; fileEncoding = 4; lastKnownFileType = sourcecode.swift; path = Post.swift; sourceTree = "<group>"; };
/* End PBXFileReference section */

/* Begin PBXFrameworksBuildPhase section */
		C6A719271DCC2B81005E950F /* Frameworks */ = {
			isa = PBXFrameworksBuildPhase;
			buildActionMask = 2147483647;
			files = (
			);
			runOnlyForDeploymentPostprocessing = 0;
		};
		C6A7193B1DCC2B81005E950F /* Frameworks */ = {
			isa = PBXFrameworksBuildPhase;
			buildActionMask = 2147483647;
			files = (
			);
			runOnlyForDeploymentPostprocessing = 0;
		};
		C6A719461DCC2B81005E950F /* Frameworks */ = {
			isa = PBXFrameworksBuildPhase;
			buildActionMask = 2147483647;
			files = (
			);
			runOnlyForDeploymentPostprocessing = 0;
		};
/* End PBXFrameworksBuildPhase section */

/* Begin PBXGroup section */
		C6A719211DCC2B81005E950F = {
			isa = PBXGroup;
			children = (
				C6A7192C1DCC2B81005E950F /* selfigram */,
				C6A719411DCC2B81005E950F /* selfigramTests */,
				C6A7194C1DCC2B81005E950F /* selfigramUITests */,
				C6A7192B1DCC2B81005E950F /* Products */,
			);
			sourceTree = "<group>";
		};
		C6A7192B1DCC2B81005E950F /* Products */ = {
			isa = PBXGroup;
			children = (
				C6A7192A1DCC2B81005E950F /* selfigram.app */,
				C6A7193E1DCC2B81005E950F /* selfigramTests.xctest */,
				C6A719491DCC2B81005E950F /* selfigramUITests.xctest */,
			);
			name = Products;
			sourceTree = "<group>";
		};
		C6A7192C1DCC2B81005E950F /* selfigram */ = {
			isa = PBXGroup;
			children = (
				C6A7199D1DDC091C005E950F /* FeedViewController.swift */,
				C6A7192D1DCC2B81005E950F /* AppDelegate.swift */,
				C6A719311DCC2B81005E950F /* Main.storyboard */,
				C68D31D71DDEAC35007AAEF7 /* SelfieCell.swift */,
				C6A7199F1DDC0FC2005E950F /* user.swift */,
				C6A719A11DDC105F005E950F /* Post.swift */,
				C6A719971DDC0708005E950F /* ViewController.swift */,
				C6A719951DD2E2F9005E950F /* ProfileViewController.swift */,
				C6A719341DCC2B81005E950F /* Assets.xcassets */,
				C6A719361DCC2B81005E950F /* LaunchScreen.storyboard */,
				C6A719391DCC2B81005E950F /* Info.plist */,
			);
			path = selfigram;
			sourceTree = "<group>";
		};
		C6A719411DCC2B81005E950F /* selfigramTests */ = {
			isa = PBXGroup;
			children = (
				C6A719421DCC2B81005E950F /* selfigramTests.swift */,
				C6A719441DCC2B81005E950F /* Info.plist */,
			);
			path = selfigramTests;
			sourceTree = "<group>";
		};
		C6A7194C1DCC2B81005E950F /* selfigramUITests */ = {
			isa = PBXGroup;
			children = (
				C6A7194D1DCC2B81005E950F /* selfigramUITests.swift */,
				C6A7194F1DCC2B81005E950F /* Info.plist */,
			);
			path = selfigramUITests;
			sourceTree = "<group>";
		};
/* End PBXGroup section */

/* Begin PBXNativeTarget section */
		C6A719291DCC2B81005E950F /* selfigram */ = {
			isa = PBXNativeTarget;
			buildConfigurationList = C6A719521DCC2B81005E950F /* Build configuration list for PBXNativeTarget "selfigram" */;
			buildPhases = (
				C6A719261DCC2B81005E950F /* Sources */,
				C6A719271DCC2B81005E950F /* Frameworks */,
				C6A719281DCC2B81005E950F /* Resources */,
			);
			buildRules = (
			);
			dependencies = (
			);
			name = selfigram;
			productName = selfigram;
			productReference = C6A7192A1DCC2B81005E950F /* selfigram.app */;
			productType = "com.apple.product-type.application";
		};
		C6A7193D1DCC2B81005E950F /* selfigramTests */ = {
			isa = PBXNativeTarget;
			buildConfigurationList = C6A719551DCC2B81005E950F /* Build configuration list for PBXNativeTarget "selfigramTests" */;
			buildPhases = (
				C6A7193A1DCC2B81005E950F /* Sources */,
				C6A7193B1DCC2B81005E950F /* Frameworks */,
				C6A7193C1DCC2B81005E950F /* Resources */,
			);
			buildRules = (
			);
			dependencies = (
				C6A719401DCC2B81005E950F /* PBXTargetDependency */,
			);
			name = selfigramTests;
			productName = selfigramTests;
			productReference = C6A7193E1DCC2B81005E950F /* selfigramTests.xctest */;
			productType = "com.apple.product-type.bundle.unit-test";
		};
		C6A719481DCC2B81005E950F /* selfigramUITests */ = {
			isa = PBXNativeTarget;
			buildConfigurationList = C6A719581DCC2B81005E950F /* Build configuration list for PBXNativeTarget "selfigramUITests" */;
			buildPhases = (
				C6A719451DCC2B81005E950F /* Sources */,
				C6A719461DCC2B81005E950F /* Frameworks */,
				C6A719471DCC2B81005E950F /* Resources */,
			);
			buildRules = (
			);
			dependencies = (
				C6A7194B1DCC2B81005E950F /* PBXTargetDependency */,
			);
			name = selfigramUITests;
			productName = selfigramUITests;
			productReference = C6A719491DCC2B81005E950F /* selfigramUITests.xctest */;
			productType = "com.apple.product-type.bundle.ui-testing";
		};
/* End PBXNativeTarget section */

/* Begin PBXProject section */
		C6A719221DCC2B81005E950F /* Project object */ = {
			isa = PBXProject;
			attributes = {
				LastSwiftUpdateCheck = 0810;
				LastUpgradeCheck = 0810;
				ORGANIZATIONNAME = "Lauren  Kemp";
				TargetAttributes = {
					C6A719291DCC2B81005E950F = {
						CreatedOnToolsVersion = 8.1;
						DevelopmentTeam = 784W2XYG87;
						ProvisioningStyle = Automatic;
					};
					C6A7193D1DCC2B81005E950F = {
						CreatedOnToolsVersion = 8.1;
						DevelopmentTeam = 784W2XYG87;
						ProvisioningStyle = Automatic;
						TestTargetID = C6A719291DCC2B81005E950F;
					};
					C6A719481DCC2B81005E950F = {
						CreatedOnToolsVersion = 8.1;
						DevelopmentTeam = 784W2XYG87;
						ProvisioningStyle = Automatic;
						TestTargetID = C6A719291DCC2B81005E950F;
					};
				};
			};
			buildConfigurationList = C6A719251DCC2B81005E950F /* Build configuration list for PBXProject "selfigram" */;
			compatibilityVersion = "Xcode 3.2";
			developmentRegion = English;
			hasScannedForEncodings = 0;
			knownRegions = (
				en,
				Base,
			);
			mainGroup = C6A719211DCC2B81005E950F;
			productRefGroup = C6A7192B1DCC2B81005E950F /* Products */;
			projectDirPath = "";
			projectRoot = "";
			targets = (
				C6A719291DCC2B81005E950F /* selfigram */,
				C6A7193D1DCC2B81005E950F /* selfigramTests */,
				C6A719481DCC2B81005E950F /* selfigramUITests */,
			);
		};
/* End PBXProject section */

/* Begin PBXResourcesBuildPhase section */
		C6A719281DCC2B81005E950F /* Resources */ = {
			isa = PBXResourcesBuildPhase;
			buildActionMask = 2147483647;
			files = (
				C6A719381DCC2B81005E950F /* LaunchScreen.storyboard in Resources */,
				C6A719351DCC2B81005E950F /* Assets.xcassets in Resources */,
				C6A719331DCC2B81005E950F /* Main.storyboard in Resources */,
			);
			runOnlyForDeploymentPostprocessing = 0;
		};
		C6A7193C1DCC2B81005E950F /* Resources */ = {
			isa = PBXResourcesBuildPhase;
			buildActionMask = 2147483647;
			files = (
			);
			runOnlyForDeploymentPostprocessing = 0;
		};
		C6A719471DCC2B81005E950F /* Resources */ = {
			isa = PBXResourcesBuildPhase;
			buildActionMask = 2147483647;
			files = (
			);
			runOnlyForDeploymentPostprocessing = 0;
		};
/* End PBXResourcesBuildPhase section */

/* Begin PBXSourcesBuildPhase section */
		C6A719261DCC2B81005E950F /* Sources */ = {
			isa = PBXSourcesBuildPhase;
			buildActionMask = 2147483647;
			files = (
				C68D31D81DDEAC35007AAEF7 /* SelfieCell.swift in Sources */,
				C6A719A01DDC0FC2005E950F /* user.swift in Sources */,
				C6A719981DDC0708005E950F /* ViewController.swift in Sources */,
				C6A719961DD2E2F9005E950F /* ProfileViewController.swift in Sources */,
				C6A719A21DDC105F005E950F /* Post.swift in Sources */,
				C6A7199E1DDC091C005E950F /* FeedViewController.swift in Sources */,
				C6A7192E1DCC2B81005E950F /* AppDelegate.swift in Sources */,
			);
			runOnlyForDeploymentPostprocessing = 0;
		};
		C6A7193A1DCC2B81005E950F /* Sources */ = {
			isa = PBXSourcesBuildPhase;
			buildActionMask = 2147483647;
			files = (
				C6A719431DCC2B81005E950F /* selfigramTests.swift in Sources */,
			);
			runOnlyForDeploymentPostprocessing = 0;
		};
		C6A719451DCC2B81005E950F /* Sources */ = {
			isa = PBXSourcesBuildPhase;
			buildActionMask = 2147483647;
			files = (
				C6A7194E1DCC2B81005E950F /* selfigramUITests.swift in Sources */,
			);
			runOnlyForDeploymentPostprocessing = 0;
		};
/* End PBXSourcesBuildPhase section */

/* Begin PBXTargetDependency section */
		C6A719401DCC2B81005E950F /* PBXTargetDependency */ = {
			isa = PBXTargetDependency;
			target = C6A719291DCC2B81005E950F /* selfigram */;
			targetProxy = C6A7193F1DCC2B81005E950F /* PBXContainerItemProxy */;
		};
		C6A7194B1DCC2B81005E950F /* PBXTargetDependency */ = {
			isa = PBXTargetDependency;
			target = C6A719291DCC2B81005E950F /* selfigram */;
			targetProxy = C6A7194A1DCC2B81005E950F /* PBXContainerItemProxy */;
		};
/* End PBXTargetDependency section */

/* Begin PBXVariantGroup section */
		C6A719311DCC2B81005E950F /* Main.storyboard */ = {
			isa = PBXVariantGroup;
			children = (
				C6A719321DCC2B81005E950F /* Base */,
			);
			name = Main.storyboard;
			sourceTree = "<group>";
		};
		C6A719361DCC2B81005E950F /* LaunchScreen.storyboard */ = {
			isa = PBXVariantGroup;
			children = (
				C6A719371DCC2B81005E950F /* Base */,
			);
			name = LaunchScreen.storyboard;
			sourceTree = "<group>";
		};
/* End PBXVariantGroup section */

/* Begin XCBuildConfiguration section */
		C6A719501DCC2B81005E950F /* Debug */ = {
			isa = XCBuildConfiguration;
			buildSettings = {
				ALWAYS_SEARCH_USER_PATHS = NO;
				CLANG_ANALYZER_NONNULL = YES;
				CLANG_CXX_LANGUAGE_STANDARD = "gnu++0x";
				CLANG_CXX_LIBRARY = "libc++";
				CLANG_ENABLE_MODULES = YES;
				CLANG_ENABLE_OBJC_ARC = YES;
				CLANG_WARN_BOOL_CONVERSION = YES;
				CLANG_WARN_CONSTANT_CONVERSION = YES;
				CLANG_WARN_DIRECT_OBJC_ISA_USAGE = YES_ERROR;
				CLANG_WARN_DOCUMENTATION_COMMENTS = YES;
				CLANG_WARN_EMPTY_BODY = YES;
				CLANG_WARN_ENUM_CONVERSION = YES;
				CLANG_WARN_INFINITE_RECURSION = YES;
				CLANG_WARN_INT_CONVERSION = YES;
				CLANG_WARN_OBJC_ROOT_CLASS = YES_ERROR;
				CLANG_WARN_SUSPICIOUS_MOVES = YES;
				CLANG_WARN_UNREACHABLE_CODE = YES;
				CLANG_WARN__DUPLICATE_METHOD_MATCH = YES;
				"CODE_SIGN_IDENTITY[sdk=iphoneos*]" = "iPhone Developer";
				COPY_PHASE_STRIP = NO;
				DEBUG_INFORMATION_FORMAT = dwarf;
				ENABLE_STRICT_OBJC_MSGSEND = YES;
				ENABLE_TESTABILITY = YES;
				GCC_C_LANGUAGE_STANDARD = gnu99;
				GCC_DYNAMIC_NO_PIC = NO;
				GCC_NO_COMMON_BLOCKS = YES;
				GCC_OPTIMIZATION_LEVEL = 0;
				GCC_PREPROCESSOR_DEFINITIONS = (
					"DEBUG=1",
					"$(inherited)",
				);
				GCC_WARN_64_TO_32_BIT_CONVERSION = YES;
				GCC_WARN_ABOUT_RETURN_TYPE = YES_ERROR;
				GCC_WARN_UNDECLARED_SELECTOR = YES;
				GCC_WARN_UNINITIALIZED_AUTOS = YES_AGGRESSIVE;
				GCC_WARN_UNUSED_FUNCTION = YES;
				GCC_WARN_UNUSED_VARIABLE = YES;
				IPHONEOS_DEPLOYMENT_TARGET = 10.1;
				MTL_ENABLE_DEBUG_INFO = YES;
				ONLY_ACTIVE_ARCH = YES;
				SDKROOT = iphoneos;
				SWIFT_ACTIVE_COMPILATION_CONDITIONS = DEBUG;
				SWIFT_OPTIMIZATION_LEVEL = "-Onone";
			};
			name = Debug;
		};
		C6A719511DCC2B81005E950F /* Release */ = {
			isa = XCBuildConfiguration;
			buildSettings = {
				ALWAYS_SEARCH_USER_PATHS = NO;
				CLANG_ANALYZER_NONNULL = YES;
				CLANG_CXX_LANGUAGE_STANDARD = "gnu++0x";
				CLANG_CXX_LIBRARY = "libc++";
				CLANG_ENABLE_MODULES = YES;
				CLANG_ENABLE_OBJC_ARC = YES;
				CLANG_WARN_BOOL_CONVERSION = YES;
				CLANG_WARN_CONSTANT_CONVERSION = YES;
				CLANG_WARN_DIRECT_OBJC_ISA_USAGE = YES_ERROR;
				CLANG_WARN_DOCUMENTATION_COMMENTS = YES;
				CLANG_WARN_EMPTY_BODY = YES;
				CLANG_WARN_ENUM_CONVERSION = YES;
				CLANG_WARN_INFINITE_RECURSION = YES;
				CLANG_WARN_INT_CONVERSION = YES;
				CLANG_WARN_OBJC_ROOT_CLASS = YES_ERROR;
				CLANG_WARN_SUSPICIOUS_MOVES = YES;
				CLANG_WARN_UNREACHABLE_CODE = YES;
				CLANG_WARN__DUPLICATE_METHOD_MATCH = YES;
				"CODE_SIGN_IDENTITY[sdk=iphoneos*]" = "iPhone Developer";
				COPY_PHASE_STRIP = NO;
				DEBUG_INFORMATION_FORMAT = "dwarf-with-dsym";
				ENABLE_NS_ASSERTIONS = NO;
				ENABLE_STRICT_OBJC_MSGSEND = YES;
				GCC_C_LANGUAGE_STANDARD = gnu99;
				GCC_NO_COMMON_BLOCKS = YES;
				GCC_WARN_64_TO_32_BIT_CONVERSION = YES;
				GCC_WARN_ABOUT_RETURN_TYPE = YES_ERROR;
				GCC_WARN_UNDECLARED_SELECTOR = YES;
				GCC_WARN_UNINITIALIZED_AUTOS = YES_AGGRESSIVE;
				GCC_WARN_UNUSED_FUNCTION = YES;
				GCC_WARN_UNUSED_VARIABLE = YES;
				IPHONEOS_DEPLOYMENT_TARGET = 10.1;
				MTL_ENABLE_DEBUG_INFO = NO;
				SDKROOT = iphoneos;
				SWIFT_OPTIMIZATION_LEVEL = "-Owholemodule";
				VALIDATE_PRODUCT = YES;
			};
			name = Release;
		};
		C6A719531DCC2B81005E950F /* Debug */ = {
			isa = XCBuildConfiguration;
			buildSettings = {
				ASSETCATALOG_COMPILER_APPICON_NAME = AppIcon;
				DEVELOPMENT_TEAM = 784W2XYG87;
				INFOPLIST_FILE = selfigram/Info.plist;
				LD_RUNPATH_SEARCH_PATHS = "$(inherited) @executable_path/Frameworks";
				PRODUCT_BUNDLE_IDENTIFIER = none.selfigram;
				PRODUCT_NAME = "$(TARGET_NAME)";
				SWIFT_VERSION = 3.0;
			};
			name = Debug;
		};
		C6A719541DCC2B81005E950F /* Release */ = {
			isa = XCBuildConfiguration;
			buildSettings = {
				ASSETCATALOG_COMPILER_APPICON_NAME = AppIcon;
				DEVELOPMENT_TEAM = 784W2XYG87;
				INFOPLIST_FILE = selfigram/Info.plist;
				LD_RUNPATH_SEARCH_PATHS = "$(inherited) @executable_path/Frameworks";
				PRODUCT_BUNDLE_IDENTIFIER = none.selfigram;
				PRODUCT_NAME = "$(TARGET_NAME)";
				SWIFT_VERSION = 3.0;
			};
			name = Release;
		};
		C6A719561DCC2B81005E950F /* Debug */ = {
			isa = XCBuildConfiguration;
			buildSettings = {
				ALWAYS_EMBED_SWIFT_STANDARD_LIBRARIES = YES;
				BUNDLE_LOADER = "$(TEST_HOST)";
				DEVELOPMENT_TEAM = 784W2XYG87;
				INFOPLIST_FILE = selfigramTests/Info.plist;
				LD_RUNPATH_SEARCH_PATHS = "$(inherited) @executable_path/Frameworks @loader_path/Frameworks";
				PRODUCT_BUNDLE_IDENTIFIER = none.selfigramTests;
				PRODUCT_NAME = "$(TARGET_NAME)";
				SWIFT_VERSION = 3.0;
				TEST_HOST = "$(BUILT_PRODUCTS_DIR)/selfigram.app/selfigram";
			};
			name = Debug;
		};
		C6A719571DCC2B81005E950F /* Release */ = {
			isa = XCBuildConfiguration;
			buildSettings = {
				ALWAYS_EMBED_SWIFT_STANDARD_LIBRARIES = YES;
				BUNDLE_LOADER = "$(TEST_HOST)";
				DEVELOPMENT_TEAM = 784W2XYG87;
				INFOPLIST_FILE = selfigramTests/Info.plist;
				LD_RUNPATH_SEARCH_PATHS = "$(inherited) @executable_path/Frameworks @loader_path/Frameworks";
				PRODUCT_BUNDLE_IDENTIFIER = none.selfigramTests;
				PRODUCT_NAME = "$(TARGET_NAME)";
				SWIFT_VERSION = 3.0;
				TEST_HOST = "$(BUILT_PRODUCTS_DIR)/selfigram.app/selfigram";
			};
			name = Release;
		};
		C6A719591DCC2B81005E950F /* Debug */ = {
			isa = XCBuildConfiguration;
			buildSettings = {
				ALWAYS_EMBED_SWIFT_STANDARD_LIBRARIES = YES;
				DEVELOPMENT_TEAM = 784W2XYG87;
				INFOPLIST_FILE = selfigramUITests/Info.plist;
				LD_RUNPATH_SEARCH_PATHS = "$(inherited) @executable_path/Frameworks @loader_path/Frameworks";
				PRODUCT_BUNDLE_IDENTIFIER = none.selfigramUITests;
				PRODUCT_NAME = "$(TARGET_NAME)";
				SWIFT_VERSION = 3.0;
				TEST_TARGET_NAME = selfigram;
			};
			name = Debug;
		};
		C6A7195A1DCC2B81005E950F /* Release */ = {
			isa = XCBuildConfiguration;
			buildSettings = {
				ALWAYS_EMBED_SWIFT_STANDARD_LIBRARIES = YES;
				DEVELOPMENT_TEAM = 784W2XYG87;
				INFOPLIST_FILE = selfigramUITests/Info.plist;
				LD_RUNPATH_SEARCH_PATHS = "$(inherited) @executable_path/Frameworks @loader_path/Frameworks";
				PRODUCT_BUNDLE_IDENTIFIER = none.selfigramUITests;
				PRODUCT_NAME = "$(TARGET_NAME)";
				SWIFT_VERSION = 3.0;
				TEST_TARGET_NAME = selfigram;
			};
			name = Release;
		};
/* End XCBuildConfiguration section */

/* Begin XCConfigurationList section */
		C6A719251DCC2B81005E950F /* Build configuration list for PBXProject "selfigram" */ = {
			isa = XCConfigurationList;
			buildConfigurations = (
				C6A719501DCC2B81005E950F /* Debug */,
				C6A719511DCC2B81005E950F /* Release */,
			);
			defaultConfigurationIsVisible = 0;
			defaultConfigurationName = Release;
		};
		C6A719521DCC2B81005E950F /* Build configuration list for PBXNativeTarget "selfigram" */ = {
			isa = XCConfigurationList;
			buildConfigurations = (
				C6A719531DCC2B81005E950F /* Debug */,
				C6A719541DCC2B81005E950F /* Release */,
			);
			defaultConfigurationIsVisible = 0;
			defaultConfigurationName = Release;
		};
		C6A719551DCC2B81005E950F /* Build configuration list for PBXNativeTarget "selfigramTests" */ = {
			isa = XCConfigurationList;
			buildConfigurations = (
				C6A719561DCC2B81005E950F /* Debug */,
				C6A719571DCC2B81005E950F /* Release */,
			);
			defaultConfigurationIsVisible = 0;
			defaultConfigurationName = Release;
		};
		C6A719581DCC2B81005E950F /* Build configuration list for PBXNativeTarget "selfigramUITests" */ = {
			isa = XCConfigurationList;
			buildConfigurations = (
				C6A719591DCC2B81005E950F /* Debug */,
				C6A7195A1DCC2B81005E950F /* Release */,
			);
			defaultConfigurationIsVisible = 0;
			defaultConfigurationName = Release;
		};
/* End XCConfigurationList section */
	};
	rootObject = C6A719221DCC2B81005E950F /* Project object */;
}
